
Microsoft Visual Studio Solution File, Format Version 12.00
# Visual Studio Version 16
VisualStudioVersion = 16.0.30711.63
MinimumVisualStudioVersion = 10.0.40219.1
Project("{FAE04EC0-301F-11D3-BF4B-00C04F79EFBC}") = "FreeFormsMVC", "FreeFormsMVC.csproj", "{D2D238B8-722F-4771-ADCE-4E7421257EF2}"
EndProject
Global
	GlobalSection(SolutionConfigurationPlatforms) = preSolution
		Debug|Any CPU = Debug|Any CPU
		Release|Any CPU = Release|Any CPU
	EndGlobalSection
	GlobalSection(ProjectConfigurationPlatforms) = postSolution
		{D2D238B8-722F-4771-ADCE-4E7421257EF2}.Debug|Any CPU.ActiveCfg = Debug|Any CPU
		{D2D238B8-722F-4771-ADCE-4E7421257EF2}.Debug|Any CPU.Build.0 = Debug|Any CPU
		{D2D238B8-722F-4771-ADCE-4E7421257EF2}.Release|Any CPU.ActiveCfg = Release|Any CPU
		{D2D238B8-722F-4771-ADCE-4E7421257EF2}.Release|Any CPU.Build.0 = Release|Any CPU
	EndGlobalSection
	GlobalSection(SolutionProperties) = preSolution
		HideSolutionNode = FALSE
	EndGlobalSection
	GlobalSection(ExtensibilityGlobals) = postSolution
		SolutionGuid = {DCB84018-6191-4A03-8B26-C552D599895A}
	EndGlobalSection
EndGlobal
